
Microsoft Visual Studio Solution File, Format Version 12.00
# Visual Studio Version 16
VisualStudioVersion = 16.0.33529.622
MinimumVisualStudioVersion = 10.0.40219.1
Project("{FAE04EC0-301F-11D3-BF4B-00C04F79EFBC}") = "ComponentsHub", "ComponentsHub\ComponentsHub.csproj", "{C370E8C9-7505-47A3-8685-88D9BFE232B9}"
EndProject
Global
	GlobalSection(SolutionConfigurationPlatforms) = preSolution
		Debug|Any CPU = Debug|Any CPU
		Release|Any CPU = Release|Any CPU
	EndGlobalSection
	GlobalSection(ProjectConfigurationPlatforms) = postSolution
		{C370E8C9-7505-47A3-8685-88D9BFE232B9}.Debug|Any CPU.ActiveCfg = Debug|Any CPU
		{C370E8C9-7505-47A3-8685-88D9BFE232B9}.Debug|Any CPU.Build.0 = Debug|Any CPU
		{C370E8C9-7505-47A3-8685-88D9BFE232B9}.Release|Any CPU.ActiveCfg = Release|Any CPU
		{C370E8C9-7505-47A3-8685-88D9BFE232B9}.Release|Any CPU.Build.0 = Release|Any CPU
	EndGlobalSection
	GlobalSection(SolutionProperties) = preSolution
		HideSolutionNode = FALSE
	EndGlobalSection
	GlobalSection(ExtensibilityGlobals) = postSolution
		SolutionGuid = {E10DCF20-577F-49B3-B743-181FF8B8D9C7}
	EndGlobalSection
EndGlobal
